
Microsoft Visual Studio Solution File, Format Version 12.00
# Visual Studio Version 17
VisualStudioVersion = 17.9.34728.123
MinimumVisualStudioVersion = 10.0.40219.1
Project("{9A19103F-16F7-4668-BE54-9A1E7A4F7556}") = "CSharpStudy", "CSharpStudy.csproj", "{44EC7EA8-3F07-49A3-B33D-1035652DB3CC}"
EndProject
Project("{9A19103F-16F7-4668-BE54-9A1E7A4F7556}") = "클래스와 매소드", "..\클래스와 매소드\클래스와 매소드.csproj", "{2DA8E63C-2A58-4CCA-88F8-FFDCA6F219F5}"
EndProject
Project("{FAE04EC0-301F-11D3-BF4B-00C04F79EFBC}") = "코드흐름제어", "..\코드흐름제어\코드흐름제어.csproj", "{CC5CA7A9-933B-4CF3-936E-A7F5F7844169}"
EndProject
Global
	GlobalSection(SolutionConfigurationPlatforms) = preSolution
		Debug|Any CPU = Debug|Any CPU
		Release|Any CPU = Release|Any CPU
	EndGlobalSection
	GlobalSection(ProjectConfigurationPlatforms) = postSolution
		{44EC7EA8-3F07-49A3-B33D-1035652DB3CC}.Debug|Any CPU.ActiveCfg = Debug|Any CPU
		{44EC7EA8-3F07-49A3-B33D-1035652DB3CC}.Debug|Any CPU.Build.0 = Debug|Any CPU
		{44EC7EA8-3F07-49A3-B33D-1035652DB3CC}.Release|Any CPU.ActiveCfg = Release|Any CPU
		{44EC7EA8-3F07-49A3-B33D-1035652DB3CC}.Release|Any CPU.Build.0 = Release|Any CPU
		{2DA8E63C-2A58-4CCA-88F8-FFDCA6F219F5}.Debug|Any CPU.ActiveCfg = Debug|Any CPU
		{2DA8E63C-2A58-4CCA-88F8-FFDCA6F219F5}.Debug|Any CPU.Build.0 = Debug|Any CPU
		{2DA8E63C-2A58-4CCA-88F8-FFDCA6F219F5}.Release|Any CPU.ActiveCfg = Release|Any CPU
		{2DA8E63C-2A58-4CCA-88F8-FFDCA6F219F5}.Release|Any CPU.Build.0 = Release|Any CPU
		{CC5CA7A9-933B-4CF3-936E-A7F5F7844169}.Debug|Any CPU.ActiveCfg = Debug|Any CPU
		{CC5CA7A9-933B-4CF3-936E-A7F5F7844169}.Debug|Any CPU.Build.0 = Debug|Any CPU
		{CC5CA7A9-933B-4CF3-936E-A7F5F7844169}.Release|Any CPU.ActiveCfg = Release|Any CPU
		{CC5CA7A9-933B-4CF3-936E-A7F5F7844169}.Release|Any CPU.Build.0 = Release|Any CPU
	EndGlobalSection
	GlobalSection(SolutionProperties) = preSolution
		HideSolutionNode = FALSE
	EndGlobalSection
	GlobalSection(ExtensibilityGlobals) = postSolution
		SolutionGuid = {99FA28C6-A839-4AB0-8680-8205F404217B}
	EndGlobalSection
EndGlobal
